
Microsoft Visual Studio Solution File, Format Version 12.00
# Visual Studio 2012
Project("{FAE04EC0-301F-11D3-BF4B-00C04F79EFBC}") = "MockingIntroTest", "MockingIntroTest\MockingIntroTest.csproj", "{D985B83B-6686-4345-8029-36D88CCC972D}"
EndProject
Global
	GlobalSection(SolutionConfigurationPlatforms) = preSolution
		Debug|Any CPU = Debug|Any CPU
		Release|Any CPU = Release|Any CPU
	EndGlobalSection
	GlobalSection(ProjectConfigurationPlatforms) = postSolution
		{D985B83B-6686-4345-8029-36D88CCC972D}.Debug|Any CPU.ActiveCfg = Debug|Any CPU
		{D985B83B-6686-4345-8029-36D88CCC972D}.Debug|Any CPU.Build.0 = Debug|Any CPU
		{D985B83B-6686-4345-8029-36D88CCC972D}.Release|Any CPU.ActiveCfg = Release|Any CPU
		{D985B83B-6686-4345-8029-36D88CCC972D}.Release|Any CPU.Build.0 = Release|Any CPU
	EndGlobalSection
	GlobalSection(SolutionProperties) = preSolution
		HideSolutionNode = FALSE
	EndGlobalSection
EndGlobal
